
Microsoft Visual Studio Solution File, Format Version 12.00
# Visual Studio Version 16
VisualStudioVersion = 16.0.29102.190
MinimumVisualStudioVersion = 10.0.40219.1
Project("{FAE04EC0-301F-11D3-BF4B-00C04F79EFBC}") = "AgendamentoProjeto", "AgendamentoProjeto\AgendamentoProjeto.csproj", "{5411B6FF-A3DA-46A2-93ED-EC07622D7E79}"
EndProject
Global
	GlobalSection(SolutionConfigurationPlatforms) = preSolution
		Debug|Any CPU = Debug|Any CPU
		Release|Any CPU = Release|Any CPU
	EndGlobalSection
	GlobalSection(ProjectConfigurationPlatforms) = postSolution
		{5411B6FF-A3DA-46A2-93ED-EC07622D7E79}.Debug|Any CPU.ActiveCfg = Debug|Any CPU
		{5411B6FF-A3DA-46A2-93ED-EC07622D7E79}.Debug|Any CPU.Build.0 = Debug|Any CPU
		{5411B6FF-A3DA-46A2-93ED-EC07622D7E79}.Release|Any CPU.ActiveCfg = Release|Any CPU
		{5411B6FF-A3DA-46A2-93ED-EC07622D7E79}.Release|Any CPU.Build.0 = Release|Any CPU
	EndGlobalSection
	GlobalSection(SolutionProperties) = preSolution
		HideSolutionNode = FALSE
	EndGlobalSection
	GlobalSection(ExtensibilityGlobals) = postSolution
		SolutionGuid = {408F4F9C-F45A-45EB-AC91-5793D3E0C6DB}
	EndGlobalSection
EndGlobal
